
Microsoft Visual Studio Solution File, Format Version 12.00
# Visual Studio Version 17
VisualStudioVersion = 17.3.32721.290
MinimumVisualStudioVersion = 10.0.40219.1
Project("{2150E333-8FDC-42A3-9474-1A3956D46DE8}") = "Solution Items", "Solution Items", "{0C2A399D-E147-4E97-85B2-DB2F3A1D8A62}"
	ProjectSection(SolutionItems) = preProject
		.editorconfig = .editorconfig
	EndProjectSection
EndProject
Project("{2150E333-8FDC-42A3-9474-1A3956D46DE8}") = "Itens de Solução", "Itens de Solução", "{BF1BEF85-C2C2-4864-A701-2D4C073BAAEB}"
	ProjectSection(SolutionItems) = preProject
		LCPFTMain.csproj = LCPFTMain.csproj
	EndProjectSection
EndProject
Project("{9A19103F-16F7-4668-BE54-9A1E7A4F7556}") = "LCPFavThings", "Webapp\LCPFavThings\LCPFavThings.csproj", "{4958CBBF-B439-4C83-A235-8C9A47E245CB}"
EndProject
Project("{9A19103F-16F7-4668-BE54-9A1E7A4F7556}") = "LCPFavThingsLib", "Webapp\LCPFavThingsLib\LCPFavThingsLib.csproj", "{5CC6BDB4-7754-4A0E-8F98-5EBDF3B053C1}"
EndProject
Project("{9A19103F-16F7-4668-BE54-9A1E7A4F7556}") = "LCPFavThingsWebsite.Client", "Website\Client\LCPFavThingsWebsite.Client.csproj", "{9E3EEE20-AB0D-4388-89DB-95FBC3DA880D}"
EndProject
Project("{9A19103F-16F7-4668-BE54-9A1E7A4F7556}") = "LCPFavThingsWebsite.Server", "Website\Server\LCPFavThingsWebsite.Server.csproj", "{003B9A7E-1332-406E-A5CF-B0D2DE61155A}"
EndProject
Project("{9A19103F-16F7-4668-BE54-9A1E7A4F7556}") = "LCPFavThingsWebsite.Shared", "Website\Shared\LCPFavThingsWebsite.Shared.csproj", "{8C44E198-F4D9-4B81-9A49-27ECB3E946AE}"
EndProject
Project("{9A19103F-16F7-4668-BE54-9A1E7A4F7556}") = "LCPFavThingsWApi", "Webapi\LCPFavThingsWApi\LCPFavThingsWApi.csproj", "{AA0C22DE-727E-4F44-97C9-5184F5ACD69C}"
EndProject
Project("{9A19103F-16F7-4668-BE54-9A1E7A4F7556}") = "LCPFavThingsWApiLib", "Webapi\LCPFavThingsWApiLib\LCPFavThingsWApiLib.csproj", "{D4870EAB-B213-40BD-99F7-8F54B53E4327}"
EndProject
Global
	GlobalSection(SolutionConfigurationPlatforms) = preSolution
		Debug|Any CPU = Debug|Any CPU
		Release|Any CPU = Release|Any CPU
	EndGlobalSection
	GlobalSection(ProjectConfigurationPlatforms) = postSolution
		{4958CBBF-B439-4C83-A235-8C9A47E245CB}.Debug|Any CPU.ActiveCfg = Debug|Any CPU
		{4958CBBF-B439-4C83-A235-8C9A47E245CB}.Debug|Any CPU.Build.0 = Debug|Any CPU
		{4958CBBF-B439-4C83-A235-8C9A47E245CB}.Debug|Any CPU.Deploy.0 = Debug|Any CPU
		{4958CBBF-B439-4C83-A235-8C9A47E245CB}.Release|Any CPU.ActiveCfg = Release|Any CPU
		{4958CBBF-B439-4C83-A235-8C9A47E245CB}.Release|Any CPU.Build.0 = Release|Any CPU
		{4958CBBF-B439-4C83-A235-8C9A47E245CB}.Release|Any CPU.Deploy.0 = Release|Any CPU
		{5CC6BDB4-7754-4A0E-8F98-5EBDF3B053C1}.Debug|Any CPU.ActiveCfg = Debug|Any CPU
		{5CC6BDB4-7754-4A0E-8F98-5EBDF3B053C1}.Debug|Any CPU.Build.0 = Debug|Any CPU
		{5CC6BDB4-7754-4A0E-8F98-5EBDF3B053C1}.Release|Any CPU.ActiveCfg = Release|Any CPU
		{5CC6BDB4-7754-4A0E-8F98-5EBDF3B053C1}.Release|Any CPU.Build.0 = Release|Any CPU
		{9E3EEE20-AB0D-4388-89DB-95FBC3DA880D}.Debug|Any CPU.ActiveCfg = Debug|Any CPU
		{9E3EEE20-AB0D-4388-89DB-95FBC3DA880D}.Debug|Any CPU.Build.0 = Debug|Any CPU
		{9E3EEE20-AB0D-4388-89DB-95FBC3DA880D}.Release|Any CPU.ActiveCfg = Release|Any CPU
		{9E3EEE20-AB0D-4388-89DB-95FBC3DA880D}.Release|Any CPU.Build.0 = Release|Any CPU
		{003B9A7E-1332-406E-A5CF-B0D2DE61155A}.Debug|Any CPU.ActiveCfg = Debug|Any CPU
		{003B9A7E-1332-406E-A5CF-B0D2DE61155A}.Debug|Any CPU.Build.0 = Debug|Any CPU
		{003B9A7E-1332-406E-A5CF-B0D2DE61155A}.Release|Any CPU.ActiveCfg = Release|Any CPU
		{003B9A7E-1332-406E-A5CF-B0D2DE61155A}.Release|Any CPU.Build.0 = Release|Any CPU
		{8C44E198-F4D9-4B81-9A49-27ECB3E946AE}.Debug|Any CPU.ActiveCfg = Debug|Any CPU
		{8C44E198-F4D9-4B81-9A49-27ECB3E946AE}.Debug|Any CPU.Build.0 = Debug|Any CPU
		{8C44E198-F4D9-4B81-9A49-27ECB3E946AE}.Release|Any CPU.ActiveCfg = Release|Any CPU
		{8C44E198-F4D9-4B81-9A49-27ECB3E946AE}.Release|Any CPU.Build.0 = Release|Any CPU
		{AA0C22DE-727E-4F44-97C9-5184F5ACD69C}.Debug|Any CPU.ActiveCfg = Debug|Any CPU
		{AA0C22DE-727E-4F44-97C9-5184F5ACD69C}.Debug|Any CPU.Build.0 = Debug|Any CPU
		{AA0C22DE-727E-4F44-97C9-5184F5ACD69C}.Release|Any CPU.ActiveCfg = Release|Any CPU
		{AA0C22DE-727E-4F44-97C9-5184F5ACD69C}.Release|Any CPU.Build.0 = Release|Any CPU
		{D4870EAB-B213-40BD-99F7-8F54B53E4327}.Debug|Any CPU.ActiveCfg = Debug|Any CPU
		{D4870EAB-B213-40BD-99F7-8F54B53E4327}.Debug|Any CPU.Build.0 = Debug|Any CPU
		{D4870EAB-B213-40BD-99F7-8F54B53E4327}.Release|Any CPU.ActiveCfg = Release|Any CPU
		{D4870EAB-B213-40BD-99F7-8F54B53E4327}.Release|Any CPU.Build.0 = Release|Any CPU
	EndGlobalSection
	GlobalSection(SolutionProperties) = preSolution
		HideSolutionNode = FALSE
	EndGlobalSection
	GlobalSection(ExtensibilityGlobals) = postSolution
		SolutionGuid = {7710338B-32BE-434B-A68E-083F74BDDF84}
	EndGlobalSection
EndGlobal
